// !$*UTF8*$!
{
	archiveVersion = 1;
	classes = {
	};
	objectVersion = 46;
	objects = {

/* Begin PBXBuildFile section */
		3B1F55661E20B793002E57B6 /* AppDelegate.swift in Sources */ = {isa = PBXBuildFile; fileRef = 3B1F55651E20B793002E57B6 /* AppDelegate.swift */; };
		3B1F55681E20B793002E57B6 /* ViewController.swift in Sources */ = {isa = PBXBuildFile; fileRef = 3B1F55671E20B793002E57B6 /* ViewController.swift */; };
		3B1F556B1E20B793002E57B6 /* Main.storyboard in Resources */ = {isa = PBXBuildFile; fileRef = 3B1F55691E20B793002E57B6 /* Main.storyboard */; };
		3B1F556D1E20B793002E57B6 /* Assets.xcassets in Resources */ = {isa = PBXBuildFile; fileRef = 3B1F556C1E20B793002E57B6 /* Assets.xcassets */; };
		3B1F55701E20B793002E57B6 /* LaunchScreen.storyboard in Resources */ = {isa = PBXBuildFile; fileRef = 3B1F556E1E20B793002E57B6 /* LaunchScreen.storyboard */; };
		3B1F557B1E20B793002E57B6 /* TipCalculatorTests.swift in Sources */ = {isa = PBXBuildFile; fileRef = 3B1F557A1E20B793002E57B6 /* TipCalculatorTests.swift */; };
		3B1F55861E20B793002E57B6 /* TipCalculatorUITests.swift in Sources */ = {isa = PBXBuildFile; fileRef = 3B1F55851E20B793002E57B6 /* TipCalculatorUITests.swift */; };
		3B1F55941E20B8D3002E57B6 /* SettingsViewController.swift in Sources */ = {isa = PBXBuildFile; fileRef = 3B1F55931E20B8D3002E57B6 /* SettingsViewController.swift */; };
/* End PBXBuildFile section */

/* Begin PBXContainerItemProxy section */
		3B1F55771E20B793002E57B6 /* PBXContainerItemProxy */ = {
			isa = PBXContainerItemProxy;
			containerPortal = 3B1F555A1E20B793002E57B6 /* Project object */;
			proxyType = 1;
			remoteGlobalIDString = 3B1F55611E20B793002E57B6;
			remoteInfo = TipCalculator;
		};
		3B1F55821E20B793002E57B6 /* PBXContainerItemProxy */ = {
			isa = PBXContainerItemProxy;
			containerPortal = 3B1F555A1E20B793002E57B6 /* Project object */;
			proxyType = 1;
			remoteGlobalIDString = 3B1F55611E20B793002E57B6;
			remoteInfo = TipCalculator;
		};
/* End PBXContainerItemProxy section */

/* Begin PBXFileReference section */
		3B1F55621E20B793002E57B6 /* TipCalculator.app */ = {isa = PBXFileReference; explicitFileType = wrapper.application; includeInIndex = 0; path = TipCalculator.app; sourceTree = BUILT_PRODUCTS_DIR; };
		3B1F55651E20B793002E57B6 /* AppDelegate.swift */ = {isa = PBXFileReference; lastKnownFileType = sourcecode.swift; path = AppDelegate.swift; sourceTree = "<group>"; };
		3B1F55671E20B793002E57B6 /* ViewController.swift */ = {isa = PBXFileReference; lastKnownFileType = sourcecode.swift; path = ViewController.swift; sourceTree = "<group>"; };
		3B1F556A1E20B793002E57B6 /* Base */ = {isa = PBXFileReference; lastKnownFileType = file.storyboard; name = Base; path = Base.lproj/Main.storyboard; sourceTree = "<group>"; };
		3B1F556C1E20B793002E57B6 /* Assets.xcassets */ = {isa = PBXFileReference; lastKnownFileType = folder.assetcatalog; path = Assets.xcassets; sourceTree = "<group>"; };
		3B1F556F1E20B793002E57B6 /* Base */ = {isa = PBXFileReference; lastKnownFileType = file.storyboard; name = Base; path = Base.lproj/LaunchScreen.storyboard; sourceTree = "<group>"; };
		3B1F55711E20B793002E57B6 /* Info.plist */ = {isa = PBXFileReference; lastKnownFileType = text.plist.xml; path = Info.plist; sourceTree = "<group>"; };
		3B1F55761E20B793002E57B6 /* TipCalculatorTests.xctest */ = {isa = PBXFileReference; explicitFileType = wrapper.cfbundle; includeInIndex = 0; path = TipCalculatorTests.xctest; sourceTree = BUILT_PRODUCTS_DIR; };
		3B1F557A1E20B793002E57B6 /* TipCalculatorTests.swift */ = {isa = PBXFileReference; lastKnownFileType = sourcecode.swift; path = TipCalculatorTests.swift; sourceTree = "<group>"; };
		3B1F557C1E20B793002E57B6 /* Info.plist */ = {isa = PBXFileReference; lastKnownFileType = text.plist.xml; path = Info.plist; sourceTree = "<group>"; };
		3B1F55811E20B793002E57B6 /* TipCalculatorUITests.xctest */ = {isa = PBXFileReference; explicitFileType = wrapper.cfbundle; includeInIndex = 0; path = TipCalculatorUITests.xctest; sourceTree = BUILT_PRODUCTS_DIR; };
		3B1F55851E20B793002E57B6 /* TipCalculatorUITests.swift */ = {isa = PBXFileReference; lastKnownFileType = sourcecode.swift; path = TipCalculatorUITests.swift; sourceTree = "<group>"; };
		3B1F55871E20B793002E57B6 /* Info.plist */ = {isa = PBXFileReference; lastKnownFileType = text.plist.xml; path = Info.plist; sourceTree = "<group>"; };
		3B1F55931E20B8D3002E57B6 /* SettingsViewController.swift */ = {isa = PBXFileReference; fileEncoding = 4; lastKnownFileType = sourcecode.swift; path = SettingsViewController.swift; sourceTree = "<group>"; };
/* End PBXFileReference section */

/* Begin PBXFrameworksBuildPhase section */
		3B1F555F1E20B793002E57B6 /* Frameworks */ = {
			isa = PBXFrameworksBuildPhase;
			buildActionMask = 2147483647;
			files = (
			);
			runOnlyForDeploymentPostprocessing = 0;
		};
		3B1F55731E20B793002E57B6 /* Frameworks */ = {
			isa = PBXFrameworksBuildPhase;
			buildActionMask = 2147483647;
			files = (
			);
			runOnlyForDeploymentPostprocessing = 0;
		};
		3B1F557E1E20B793002E57B6 /* Frameworks */ = {
			isa = PBXFrameworksBuildPhase;
			buildActionMask = 2147483647;
			files = (
			);
			runOnlyForDeploymentPostprocessing = 0;
		};
/* End PBXFrameworksBuildPhase section */

/* Begin PBXGroup section */
		3B1F55591E20B793002E57B6 = {
			isa = PBXGroup;
			children = (
				3B1F55641E20B793002E57B6 /* TipCalculator */,
				3B1F55791E20B793002E57B6 /* TipCalculatorTests */,
				3B1F55841E20B793002E57B6 /* TipCalculatorUITests */,
				3B1F55631E20B793002E57B6 /* Products */,
			);
			sourceTree = "<group>";
		};
		3B1F55631E20B793002E57B6 /* Products */ = {
			isa = PBXGroup;
			children = (
				3B1F55621E20B793002E57B6 /* TipCalculator.app */,
				3B1F55761E20B793002E57B6 /* TipCalculatorTests.xctest */,
				3B1F55811E20B793002E57B6 /* TipCalculatorUITests.xctest */,
			);
			name = Products;
			sourceTree = "<group>";
		};
		3B1F55641E20B793002E57B6 /* TipCalculator */ = {
			isa = PBXGroup;
			children = (
				3B1F55651E20B793002E57B6 /* AppDelegate.swift */,
				3B1F55671E20B793002E57B6 /* ViewController.swift */,
				3B1F55691E20B793002E57B6 /* Main.storyboard */,
				3B1F556C1E20B793002E57B6 /* Assets.xcassets */,
				3B1F556E1E20B793002E57B6 /* LaunchScreen.storyboard */,
				3B1F55711E20B793002E57B6 /* Info.plist */,
				3B1F55931E20B8D3002E57B6 /* SettingsViewController.swift */,
			);
			path = TipCalculator;
			sourceTree = "<group>";
		};
		3B1F55791E20B793002E57B6 /* TipCalculatorTests */ = {
			isa = PBXGroup;
			children = (
				3B1F557A1E20B793002E57B6 /* TipCalculatorTests.swift */,
				3B1F557C1E20B793002E57B6 /* Info.plist */,
			);
			path = TipCalculatorTests;
			sourceTree = "<group>";
		};
		3B1F55841E20B793002E57B6 /* TipCalculatorUITests */ = {
			isa = PBXGroup;
			children = (
				3B1F55851E20B793002E57B6 /* TipCalculatorUITests.swift */,
				3B1F55871E20B793002E57B6 /* Info.plist */,
			);
			path = TipCalculatorUITests;
			sourceTree = "<group>";
		};
/* End PBXGroup section */

/* Begin PBXNativeTarget section */
		3B1F55611E20B793002E57B6 /* TipCalculator */ = {
			isa = PBXNativeTarget;
			buildConfigurationList = 3B1F558A1E20B793002E57B6 /* Build configuration list for PBXNativeTarget "TipCalculator" */;
			buildPhases = (
				3B1F555E1E20B793002E57B6 /* Sources */,
				3B1F555F1E20B793002E57B6 /* Frameworks */,
				3B1F55601E20B793002E57B6 /* Resources */,
			);
			buildRules = (
			);
			dependencies = (
			);
			name = TipCalculator;
			productName = TipCalculator;
			productReference = 3B1F55621E20B793002E57B6 /* TipCalculator.app */;
			productType = "com.apple.product-type.application";
		};
		3B1F55751E20B793002E57B6 /* TipCalculatorTests */ = {
			isa = PBXNativeTarget;
			buildConfigurationList = 3B1F558D1E20B793002E57B6 /* Build configuration list for PBXNativeTarget "TipCalculatorTests" */;
			buildPhases = (
				3B1F55721E20B793002E57B6 /* Sources */,
				3B1F55731E20B793002E57B6 /* Frameworks */,
				3B1F55741E20B793002E57B6 /* Resources */,
			);
			buildRules = (
			);
			dependencies = (
				3B1F55781E20B793002E57B6 /* PBXTargetDependency */,
			);
			name = TipCalculatorTests;
			productName = TipCalculatorTests;
			productReference = 3B1F55761E20B793002E57B6 /* TipCalculatorTests.xctest */;
			productType = "com.apple.product-type.bundle.unit-test";
		};
		3B1F55801E20B793002E57B6 /* TipCalculatorUITests */ = {
			isa = PBXNativeTarget;
			buildConfigurationList = 3B1F55901E20B793002E57B6 /* Build configuration list for PBXNativeTarget "TipCalculatorUITests" */;
			buildPhases = (
				3B1F557D1E20B793002E57B6 /* Sources */,
				3B1F557E1E20B793002E57B6 /* Frameworks */,
				3B1F557F1E20B793002E57B6 /* Resources */,
			);
			buildRules = (
			);
			dependencies = (
				3B1F55831E20B793002E57B6 /* PBXTargetDependency */,
			);
			name = TipCalculatorUITests;
			productName = TipCalculatorUITests;
			productReference = 3B1F55811E20B793002E57B6 /* TipCalculatorUITests.xctest */;
			productType = "com.apple.product-type.bundle.ui-testing";
		};
/* End PBXNativeTarget section */

/* Begin PBXProject section */
		3B1F555A1E20B793002E57B6 /* Project object */ = {
			isa = PBXProject;
			attributes = {
				LastSwiftUpdateCheck = 0820;
				LastUpgradeCheck = 0820;
				ORGANIZATIONNAME = "Abhijeet Chakrabarti";
				TargetAttributes = {
					3B1F55611E20B793002E57B6 = {
						CreatedOnToolsVersion = 8.2;
						DevelopmentTeam = BZJ87Y2489;
						ProvisioningStyle = Automatic;
					};
					3B1F55751E20B793002E57B6 = {
						CreatedOnToolsVersion = 8.2;
						DevelopmentTeam = BZJ87Y2489;
						ProvisioningStyle = Automatic;
						TestTargetID = 3B1F55611E20B793002E57B6;
					};
					3B1F55801E20B793002E57B6 = {
						CreatedOnToolsVersion = 8.2;
						DevelopmentTeam = BZJ87Y2489;
						ProvisioningStyle = Automatic;
						TestTargetID = 3B1F55611E20B793002E57B6;
					};
				};
			};
			buildConfigurationList = 3B1F555D1E20B793002E57B6 /* Build configuration list for PBXProject "TipCalculator" */;
			compatibilityVersion = "Xcode 3.2";
			developmentRegion = English;
			hasScannedForEncodings = 0;
			knownRegions = (
				en,
				Base,
			);
			mainGroup = 3B1F55591E20B793002E57B6;
			productRefGroup = 3B1F55631E20B793002E57B6 /* Products */;
			projectDirPath = "";
			projectRoot = "";
			targets = (
				3B1F55611E20B793002E57B6 /* TipCalculator */,
				3B1F55751E20B793002E57B6 /* TipCalculatorTests */,
				3B1F55801E20B793002E57B6 /* TipCalculatorUITests */,
			);
		};
/* End PBXProject section */

/* Begin PBXResourcesBuildPhase section */
		3B1F55601E20B793002E57B6 /* Resources */ = {
			isa = PBXResourcesBuildPhase;
			buildActionMask = 2147483647;
			files = (
				3B1F55701E20B793002E57B6 /* LaunchScreen.storyboard in Resources */,
				3B1F556D1E20B793002E57B6 /* Assets.xcassets in Resources */,
				3B1F556B1E20B793002E57B6 /* Main.storyboard in Resources */,
			);
			runOnlyForDeploymentPostprocessing = 0;
		};
		3B1F55741E20B793002E57B6 /* Resources */ = {
			isa = PBXResourcesBuildPhase;
			buildActionMask = 2147483647;
			files = (
			);
			runOnlyForDeploymentPostprocessing = 0;
		};
		3B1F557F1E20B793002E57B6 /* Resources */ = {
			isa = PBXResourcesBuildPhase;
			buildActionMask = 2147483647;
			files = (
			);
			runOnlyForDeploymentPostprocessing = 0;
		};
/* End PBXResourcesBuildPhase section */

/* Begin PBXSourcesBuildPhase section */
		3B1F555E1E20B793002E57B6 /* Sources */ = {
			isa = PBXSourcesBuildPhase;
			buildActionMask = 2147483647;
			files = (
				3B1F55681E20B793002E57B6 /* ViewController.swift in Sources */,
				3B1F55661E20B793002E57B6 /* AppDelegate.swift in Sources */,
				3B1F55941E20B8D3002E57B6 /* SettingsViewController.swift in Sources */,
			);
			runOnlyForDeploymentPostprocessing = 0;
		};
		3B1F55721E20B793002E57B6 /* Sources */ = {
			isa = PBXSourcesBuildPhase;
			buildActionMask = 2147483647;
			files = (
				3B1F557B1E20B793002E57B6 /* TipCalculatorTests.swift in Sources */,
			);
			runOnlyForDeploymentPostprocessing = 0;
		};
		3B1F557D1E20B793002E57B6 /* Sources */ = {
			isa = PBXSourcesBuildPhase;
			buildActionMask = 2147483647;
			files = (
				3B1F55861E20B793002E57B6 /* TipCalculatorUITests.swift in Sources */,
			);
			runOnlyForDeploymentPostprocessing = 0;
		};
/* End PBXSourcesBuildPhase section */

/* Begin PBXTargetDependency section */
		3B1F55781E20B793002E57B6 /* PBXTargetDependency */ = {
			isa = PBXTargetDependency;
			target = 3B1F55611E20B793002E57B6 /* TipCalculator */;
			targetProxy = 3B1F55771E20B793002E57B6 /* PBXContainerItemProxy */;
		};
		3B1F55831E20B793002E57B6 /* PBXTargetDependency */ = {
			isa = PBXTargetDependency;
			target = 3B1F55611E20B793002E57B6 /* TipCalculator */;
			targetProxy = 3B1F55821E20B793002E57B6 /* PBXContainerItemProxy */;
		};
/* End PBXTargetDependency section */

/* Begin PBXVariantGroup section */
		3B1F55691E20B793002E57B6 /* Main.storyboard */ = {
			isa = PBXVariantGroup;
			children = (
				3B1F556A1E20B793002E57B6 /* Base */,
			);
			name = Main.storyboard;
			sourceTree = "<group>";
		};
		3B1F556E1E20B793002E57B6 /* LaunchScreen.storyboard */ = {
			isa = PBXVariantGroup;
			children = (
				3B1F556F1E20B793002E57B6 /* Base */,
			);
			name = LaunchScreen.storyboard;
			sourceTree = "<group>";
		};
/* End PBXVariantGroup section */

/* Begin XCBuildConfiguration section */
		3B1F55881E20B793002E57B6 /* Debug */ = {
			isa = XCBuildConfiguration;
			buildSettings = {
				ALWAYS_SEARCH_USER_PATHS = NO;
				CLANG_ANALYZER_NONNULL = YES;
				CLANG_CXX_LANGUAGE_STANDARD = "gnu++0x";
				CLANG_CXX_LIBRARY = "libc++";
				CLANG_ENABLE_MODULES = YES;
				CLANG_ENABLE_OBJC_ARC = YES;
				CLANG_WARN_BOOL_CONVERSION = YES;
				CLANG_WARN_CONSTANT_CONVERSION = YES;
				CLANG_WARN_DIRECT_OBJC_ISA_USAGE = YES_ERROR;
				CLANG_WARN_DOCUMENTATION_COMMENTS = YES;
				CLANG_WARN_EMPTY_BODY = YES;
				CLANG_WARN_ENUM_CONVERSION = YES;
				CLANG_WARN_INFINITE_RECURSION = YES;
				CLANG_WARN_INT_CONVERSION = YES;
				CLANG_WARN_OBJC_ROOT_CLASS = YES_ERROR;
				CLANG_WARN_SUSPICIOUS_MOVE = YES;
				CLANG_WARN_UNREACHABLE_CODE = YES;
				CLANG_WARN__DUPLICATE_METHOD_MATCH = YES;
				"CODE_SIGN_IDENTITY[sdk=iphoneos*]" = "iPhone Developer";
				COPY_PHASE_STRIP = NO;
				DEBUG_INFORMATION_FORMAT = dwarf;
				ENABLE_STRICT_OBJC_MSGSEND = YES;
				ENABLE_TESTABILITY = YES;
				GCC_C_LANGUAGE_STANDARD = gnu99;
				GCC_DYNAMIC_NO_PIC = NO;
				GCC_NO_COMMON_BLOCKS = YES;
				GCC_OPTIMIZATION_LEVEL = 0;
				GCC_PREPROCESSOR_DEFINITIONS = (
					"DEBUG=1",
					"$(inherited)",
				);
				GCC_WARN_64_TO_32_BIT_CONVERSION = YES;
				GCC_WARN_ABOUT_RETURN_TYPE = YES_ERROR;
				GCC_WARN_UNDECLARED_SELECTOR = YES;
				GCC_WARN_UNINITIALIZED_AUTOS = YES_AGGRESSIVE;
				GCC_WARN_UNUSED_FUNCTION = YES;
				GCC_WARN_UNUSED_VARIABLE = YES;
				IPHONEOS_DEPLOYMENT_TARGET = 10.2;
				MTL_ENABLE_DEBUG_INFO = YES;
				ONLY_ACTIVE_ARCH = YES;
				SDKROOT = iphoneos;
				SWIFT_ACTIVE_COMPILATION_CONDITIONS = DEBUG;
				SWIFT_OPTIMIZATION_LEVEL = "-Onone";
			};
			name = Debug;
		};
		3B1F55891E20B793002E57B6 /* Release */ = {
			isa = XCBuildConfiguration;
			buildSettings = {
				ALWAYS_SEARCH_USER_PATHS = NO;
				CLANG_ANALYZER_NONNULL = YES;
				CLANG_CXX_LANGUAGE_STANDARD = "gnu++0x";
				CLANG_CXX_LIBRARY = "libc++";
				CLANG_ENABLE_MODULES = YES;
				CLANG_ENABLE_OBJC_ARC = YES;
				CLANG_WARN_BOOL_CONVERSION = YES;
				CLANG_WARN_CONSTANT_CONVERSION = YES;
				CLANG_WARN_DIRECT_OBJC_ISA_USAGE = YES_ERROR;
				CLANG_WARN_DOCUMENTATION_COMMENTS = YES;
				CLANG_WARN_EMPTY_BODY = YES;
				CLANG_WARN_ENUM_CONVERSION = YES;
				CLANG_WARN_INFINITE_RECURSION = YES;
				CLANG_WARN_INT_CONVERSION = YES;
				CLANG_WARN_OBJC_ROOT_CLASS = YES_ERROR;
				CLANG_WARN_SUSPICIOUS_MOVE = YES;
				CLANG_WARN_UNREACHABLE_CODE = YES;
				CLANG_WARN__DUPLICATE_METHOD_MATCH = YES;
				"CODE_SIGN_IDENTITY[sdk=iphoneos*]" = "iPhone Developer";
				COPY_PHASE_STRIP = NO;
				DEBUG_INFORMATION_FORMAT = "dwarf-with-dsym";
				ENABLE_NS_ASSERTIONS = NO;
				ENABLE_STRICT_OBJC_MSGSEND = YES;
				GCC_C_LANGUAGE_STANDARD = gnu99;
				GCC_NO_COMMON_BLOCKS = YES;
				GCC_WARN_64_TO_32_BIT_CONVERSION = YES;
				GCC_WARN_ABOUT_RETURN_TYPE = YES_ERROR;
				GCC_WARN_UNDECLARED_SELECTOR = YES;
				GCC_WARN_UNINITIALIZED_AUTOS = YES_AGGRESSIVE;
				GCC_WARN_UNUSED_FUNCTION = YES;
				GCC_WARN_UNUSED_VARIABLE = YES;
				IPHONEOS_DEPLOYMENT_TARGET = 10.2;
				MTL_ENABLE_DEBUG_INFO = NO;
				SDKROOT = iphoneos;
				SWIFT_OPTIMIZATION_LEVEL = "-Owholemodule";
				VALIDATE_PRODUCT = YES;
			};
			name = Release;
		};
		3B1F558B1E20B793002E57B6 /* Debug */ = {
			isa = XCBuildConfiguration;
			buildSettings = {
				ASSETCATALOG_COMPILER_APPICON_NAME = AppIcon;
				CODE_SIGN_IDENTITY = "iPhone Developer";
				DEVELOPMENT_TEAM = BZJ87Y2489;
				INFOPLIST_FILE = TipCalculator/Info.plist;
				LD_RUNPATH_SEARCH_PATHS = "$(inherited) @executable_path/Frameworks";
				PRODUCT_BUNDLE_IDENTIFIER = com.codepath.TipCalculator;
				PRODUCT_NAME = "$(TARGET_NAME)";
				SWIFT_VERSION = 3.0;
			};
			name = Debug;
		};
		3B1F558C1E20B793002E57B6 /* Release */ = {
			isa = XCBuildConfiguration;
			buildSettings = {
				ASSETCATALOG_COMPILER_APPICON_NAME = AppIcon;
				CODE_SIGN_IDENTITY = "iPhone Developer";
				DEVELOPMENT_TEAM = BZJ87Y2489;
				INFOPLIST_FILE = TipCalculator/Info.plist;
				LD_RUNPATH_SEARCH_PATHS = "$(inherited) @executable_path/Frameworks";
				PRODUCT_BUNDLE_IDENTIFIER = com.codepath.TipCalculator;
				PRODUCT_NAME = "$(TARGET_NAME)";
				SWIFT_VERSION = 3.0;
			};
			name = Release;
		};
		3B1F558E1E20B793002E57B6 /* Debug */ = {
			isa = XCBuildConfiguration;
			buildSettings = {
				ALWAYS_EMBED_SWIFT_STANDARD_LIBRARIES = YES;
				BUNDLE_LOADER = "$(TEST_HOST)";
				DEVELOPMENT_TEAM = BZJ87Y2489;
				INFOPLIST_FILE = TipCalculatorTests/Info.plist;
				LD_RUNPATH_SEARCH_PATHS = "$(inherited) @executable_path/Frameworks @loader_path/Frameworks";
				PRODUCT_BUNDLE_IDENTIFIER = com.codepath.TipCalculatorTests;
				PRODUCT_NAME = "$(TARGET_NAME)";
				SWIFT_VERSION = 3.0;
				TEST_HOST = "$(BUILT_PRODUCTS_DIR)/TipCalculator.app/TipCalculator";
			};
			name = Debug;
		};
		3B1F558F1E20B793002E57B6 /* Release */ = {
			isa = XCBuildConfiguration;
			buildSettings = {
				ALWAYS_EMBED_SWIFT_STANDARD_LIBRARIES = YES;
				BUNDLE_LOADER = "$(TEST_HOST)";
				DEVELOPMENT_TEAM = BZJ87Y2489;
				INFOPLIST_FILE = TipCalculatorTests/Info.plist;
				LD_RUNPATH_SEARCH_PATHS = "$(inherited) @executable_path/Frameworks @loader_path/Frameworks";
				PRODUCT_BUNDLE_IDENTIFIER = com.codepath.TipCalculatorTests;
				PRODUCT_NAME = "$(TARGET_NAME)";
				SWIFT_VERSION = 3.0;
				TEST_HOST = "$(BUILT_PRODUCTS_DIR)/TipCalculator.app/TipCalculator";
			};
			name = Release;
		};
		3B1F55911E20B793002E57B6 /* Debug */ = {
			isa = XCBuildConfiguration;
			buildSettings = {
				ALWAYS_EMBED_SWIFT_STANDARD_LIBRARIES = YES;
				DEVELOPMENT_TEAM = BZJ87Y2489;
				INFOPLIST_FILE = TipCalculatorUITests/Info.plist;
				LD_RUNPATH_SEARCH_PATHS = "$(inherited) @executable_path/Frameworks @loader_path/Frameworks";
				PRODUCT_BUNDLE_IDENTIFIER = com.codepath.TipCalculatorUITests;
				PRODUCT_NAME = "$(TARGET_NAME)";
				SWIFT_VERSION = 3.0;
				TEST_TARGET_NAME = TipCalculator;
			};
			name = Debug;
		};
		3B1F55921E20B793002E57B6 /* Release */ = {
			isa = XCBuildConfiguration;
			buildSettings = {
				ALWAYS_EMBED_SWIFT_STANDARD_LIBRARIES = YES;
				DEVELOPMENT_TEAM = BZJ87Y2489;
				INFOPLIST_FILE = TipCalculatorUITests/Info.plist;
				LD_RUNPATH_SEARCH_PATHS = "$(inherited) @executable_path/Frameworks @loader_path/Frameworks";
				PRODUCT_BUNDLE_IDENTIFIER = com.codepath.TipCalculatorUITests;
				PRODUCT_NAME = "$(TARGET_NAME)";
				SWIFT_VERSION = 3.0;
				TEST_TARGET_NAME = TipCalculator;
			};
			name = Release;
		};
/* End XCBuildConfiguration section */

/* Begin XCConfigurationList section */
		3B1F555D1E20B793002E57B6 /* Build configuration list for PBXProject "TipCalculator" */ = {
			isa = XCConfigurationList;
			buildConfigurations = (
				3B1F55881E20B793002E57B6 /* Debug */,
				3B1F55891E20B793002E57B6 /* Release */,
			);
			defaultConfigurationIsVisible = 0;
			defaultConfigurationName = Release;
		};
		3B1F558A1E20B793002E57B6 /* Build configuration list for PBXNativeTarget "TipCalculator" */ = {
			isa = XCConfigurationList;
			buildConfigurations = (
				3B1F558B1E20B793002E57B6 /* Debug */,
				3B1F558C1E20B793002E57B6 /* Release */,
			);
			defaultConfigurationIsVisible = 0;
		};
		3B1F558D1E20B793002E57B6 /* Build configuration list for PBXNativeTarget "TipCalculatorTests" */ = {
			isa = XCConfigurationList;
			buildConfigurations = (
				3B1F558E1E20B793002E57B6 /* Debug */,
				3B1F558F1E20B793002E57B6 /* Release */,
			);
			defaultConfigurationIsVisible = 0;
		};
		3B1F55901E20B793002E57B6 /* Build configuration list for PBXNativeTarget "TipCalculatorUITests" */ = {
			isa = XCConfigurationList;
			buildConfigurations = (
				3B1F55911E20B793002E57B6 /* Debug */,
				3B1F55921E20B793002E57B6 /* Release */,
			);
			defaultConfigurationIsVisible = 0;
		};
/* End XCConfigurationList section */
	};
	rootObject = 3B1F555A1E20B793002E57B6 /* Project object */;
}
